
Microsoft Visual Studio Solution File, Format Version 12.00
# Visual Studio Version 16
VisualStudioVersion = 16.0.29728.190
MinimumVisualStudioVersion = 10.0.40219.1
Project("{FAE04EC0-301F-11D3-BF4B-00C04F79EFBC}") = "ClientCalculatorService", "ClientCalculatorService\ClientCalculatorService.csproj", "{3B1DAEA2-0C78-4E15-B616-0C99D3DB32B7}"
EndProject
Global
	GlobalSection(SolutionConfigurationPlatforms) = preSolution
		Debug|Any CPU = Debug|Any CPU
		Release|Any CPU = Release|Any CPU
	EndGlobalSection
	GlobalSection(ProjectConfigurationPlatforms) = postSolution
		{3B1DAEA2-0C78-4E15-B616-0C99D3DB32B7}.Debug|Any CPU.ActiveCfg = Debug|Any CPU
		{3B1DAEA2-0C78-4E15-B616-0C99D3DB32B7}.Debug|Any CPU.Build.0 = Debug|Any CPU
		{3B1DAEA2-0C78-4E15-B616-0C99D3DB32B7}.Release|Any CPU.ActiveCfg = Release|Any CPU
		{3B1DAEA2-0C78-4E15-B616-0C99D3DB32B7}.Release|Any CPU.Build.0 = Release|Any CPU
	EndGlobalSection
	GlobalSection(SolutionProperties) = preSolution
		HideSolutionNode = FALSE
	EndGlobalSection
	GlobalSection(ExtensibilityGlobals) = postSolution
		SolutionGuid = {EC1A47A9-B4C4-48D3-9115-5BDBF22567EB}
	EndGlobalSection
EndGlobal
