
Microsoft Visual Studio Solution File, Format Version 12.00
# Visual Studio Version 16
VisualStudioVersion = 16.0.28803.452
MinimumVisualStudioVersion = 10.0.40219.1
Project("{FAE04EC0-301F-11D3-BF4B-00C04F79EFBC}") = "GenericFactor", "GenericFactor\GenericFactor.csproj", "{A4AF42D6-16E2-43C5-A456-AE2AB8305CBF}"
EndProject
Global
	GlobalSection(SolutionConfigurationPlatforms) = preSolution
		Debug|Any CPU = Debug|Any CPU
		Release|Any CPU = Release|Any CPU
	EndGlobalSection
	GlobalSection(ProjectConfigurationPlatforms) = postSolution
		{A4AF42D6-16E2-43C5-A456-AE2AB8305CBF}.Debug|Any CPU.ActiveCfg = Debug|Any CPU
		{A4AF42D6-16E2-43C5-A456-AE2AB8305CBF}.Debug|Any CPU.Build.0 = Debug|Any CPU
		{A4AF42D6-16E2-43C5-A456-AE2AB8305CBF}.Release|Any CPU.ActiveCfg = Release|Any CPU
		{A4AF42D6-16E2-43C5-A456-AE2AB8305CBF}.Release|Any CPU.Build.0 = Release|Any CPU
	EndGlobalSection
	GlobalSection(SolutionProperties) = preSolution
		HideSolutionNode = FALSE
	EndGlobalSection
	GlobalSection(ExtensibilityGlobals) = postSolution
		SolutionGuid = {A89A0D05-33A4-4836-A785-4124A623C88E}
	EndGlobalSection
EndGlobal
