
Microsoft Visual Studio Solution File, Format Version 12.00
# Visual Studio 15
VisualStudioVersion = 15.0.28307.136
MinimumVisualStudioVersion = 10.0.40219.1
Project("{FAE04EC0-301F-11D3-BF4B-00C04F79EFBC}") = "Prog", "Prog\Prog.csproj", "{9E56F25F-E694-4900-9396-22B4BB8FE75E}"
EndProject
Project("{FAE04EC0-301F-11D3-BF4B-00C04F79EFBC}") = "UnitTestProject1", "UnitTestProject1\UnitTestProject1.csproj", "{CA7414CB-07DF-410E-B468-7E000CB14EBE}"
EndProject
Global
	GlobalSection(SolutionConfigurationPlatforms) = preSolution
		Debug|Any CPU = Debug|Any CPU
		Release|Any CPU = Release|Any CPU
	EndGlobalSection
	GlobalSection(ProjectConfigurationPlatforms) = postSolution
		{9E56F25F-E694-4900-9396-22B4BB8FE75E}.Debug|Any CPU.ActiveCfg = Debug|Any CPU
		{9E56F25F-E694-4900-9396-22B4BB8FE75E}.Debug|Any CPU.Build.0 = Debug|Any CPU
		{9E56F25F-E694-4900-9396-22B4BB8FE75E}.Release|Any CPU.ActiveCfg = Release|Any CPU
		{9E56F25F-E694-4900-9396-22B4BB8FE75E}.Release|Any CPU.Build.0 = Release|Any CPU
		{CA7414CB-07DF-410E-B468-7E000CB14EBE}.Debug|Any CPU.ActiveCfg = Debug|Any CPU
		{CA7414CB-07DF-410E-B468-7E000CB14EBE}.Debug|Any CPU.Build.0 = Debug|Any CPU
		{CA7414CB-07DF-410E-B468-7E000CB14EBE}.Release|Any CPU.ActiveCfg = Release|Any CPU
		{CA7414CB-07DF-410E-B468-7E000CB14EBE}.Release|Any CPU.Build.0 = Release|Any CPU
	EndGlobalSection
	GlobalSection(SolutionProperties) = preSolution
		HideSolutionNode = FALSE
	EndGlobalSection
	GlobalSection(ExtensibilityGlobals) = postSolution
		SolutionGuid = {B5A6C1DA-EA91-4541-851B-03B03A9EE8F3}
	EndGlobalSection
EndGlobal
