
Microsoft Visual Studio Solution File, Format Version 12.00
# Visual Studio 15
VisualStudioVersion = 15.0.28307.136
MinimumVisualStudioVersion = 10.0.40219.1
Project("{FAE04EC0-301F-11D3-BF4B-00C04F79EFBC}") = "AppServices", "AppServices\AppServices.csproj", "{419361CC-0A5A-4662-9ACF-D4CBF67B219B}"
EndProject
Global
	GlobalSection(SolutionConfigurationPlatforms) = preSolution
		Debug|Any CPU = Debug|Any CPU
		Release|Any CPU = Release|Any CPU
	EndGlobalSection
	GlobalSection(ProjectConfigurationPlatforms) = postSolution
		{419361CC-0A5A-4662-9ACF-D4CBF67B219B}.Debug|Any CPU.ActiveCfg = Debug|Any CPU
		{419361CC-0A5A-4662-9ACF-D4CBF67B219B}.Debug|Any CPU.Build.0 = Debug|Any CPU
		{419361CC-0A5A-4662-9ACF-D4CBF67B219B}.Release|Any CPU.ActiveCfg = Release|Any CPU
		{419361CC-0A5A-4662-9ACF-D4CBF67B219B}.Release|Any CPU.Build.0 = Release|Any CPU
	EndGlobalSection
	GlobalSection(SolutionProperties) = preSolution
		HideSolutionNode = FALSE
	EndGlobalSection
	GlobalSection(ExtensibilityGlobals) = postSolution
		SolutionGuid = {52F4CFEC-732B-45FE-8FEB-5F033A40ECB8}
	EndGlobalSection
EndGlobal
