
Microsoft Visual Studio Solution File, Format Version 12.00
# Visual Studio Version 16
VisualStudioVersion = 16.0.28803.156
MinimumVisualStudioVersion = 10.0.40219.1
Project("{FAE04EC0-301F-11D3-BF4B-00C04F79EFBC}") = "AppXml", "AppXml\AppXml.csproj", "{680AE0C8-08A8-4057-86DF-4705E2557CE0}"
EndProject
Global
	GlobalSection(SolutionConfigurationPlatforms) = preSolution
		Debug|Any CPU = Debug|Any CPU
		Release|Any CPU = Release|Any CPU
	EndGlobalSection
	GlobalSection(ProjectConfigurationPlatforms) = postSolution
		{680AE0C8-08A8-4057-86DF-4705E2557CE0}.Debug|Any CPU.ActiveCfg = Debug|Any CPU
		{680AE0C8-08A8-4057-86DF-4705E2557CE0}.Debug|Any CPU.Build.0 = Debug|Any CPU
		{680AE0C8-08A8-4057-86DF-4705E2557CE0}.Release|Any CPU.ActiveCfg = Release|Any CPU
		{680AE0C8-08A8-4057-86DF-4705E2557CE0}.Release|Any CPU.Build.0 = Release|Any CPU
	EndGlobalSection
	GlobalSection(SolutionProperties) = preSolution
		HideSolutionNode = FALSE
	EndGlobalSection
	GlobalSection(ExtensibilityGlobals) = postSolution
		SolutionGuid = {1633408F-79E3-4C10-9535-F6C9981BB959}
	EndGlobalSection
EndGlobal
