
Microsoft Visual Studio Solution File, Format Version 12.00
# Visual Studio 15
VisualStudioVersion = 15.0.27130.2024
MinimumVisualStudioVersion = 10.0.40219.1
Project("{FAE04EC0-301F-11D3-BF4B-00C04F79EFBC}") = "RektTest", "RektTest\RektTest.csproj", "{3465BA38-189D-4439-9BB5-B6C27E6F4667}"
EndProject
Global
	GlobalSection(SolutionConfigurationPlatforms) = preSolution
		Debug|Any CPU = Debug|Any CPU
		Release|Any CPU = Release|Any CPU
	EndGlobalSection
	GlobalSection(ProjectConfigurationPlatforms) = postSolution
		{3465BA38-189D-4439-9BB5-B6C27E6F4667}.Debug|Any CPU.ActiveCfg = Debug|Any CPU
		{3465BA38-189D-4439-9BB5-B6C27E6F4667}.Debug|Any CPU.Build.0 = Debug|Any CPU
		{3465BA38-189D-4439-9BB5-B6C27E6F4667}.Release|Any CPU.ActiveCfg = Release|Any CPU
		{3465BA38-189D-4439-9BB5-B6C27E6F4667}.Release|Any CPU.Build.0 = Release|Any CPU
	EndGlobalSection
	GlobalSection(SolutionProperties) = preSolution
		HideSolutionNode = FALSE
	EndGlobalSection
	GlobalSection(ExtensibilityGlobals) = postSolution
		SolutionGuid = {A4AD5312-088C-4257-96BA-E182FD1693CE}
	EndGlobalSection
EndGlobal
