
Microsoft Visual Studio Solution File, Format Version 12.00
# Visual Studio Version 16
VisualStudioVersion = 16.0.29728.190
MinimumVisualStudioVersion = 10.0.40219.1
Project("{FAE04EC0-301F-11D3-BF4B-00C04F79EFBC}") = "CalculatorService", "CalculatorService\CalculatorService.csproj", "{0C065955-2469-4C4A-898D-278492A3BF1B}"
EndProject
Global
	GlobalSection(SolutionConfigurationPlatforms) = preSolution
		Debug|Any CPU = Debug|Any CPU
		Release|Any CPU = Release|Any CPU
	EndGlobalSection
	GlobalSection(ProjectConfigurationPlatforms) = postSolution
		{0C065955-2469-4C4A-898D-278492A3BF1B}.Debug|Any CPU.ActiveCfg = Debug|Any CPU
		{0C065955-2469-4C4A-898D-278492A3BF1B}.Debug|Any CPU.Build.0 = Debug|Any CPU
		{0C065955-2469-4C4A-898D-278492A3BF1B}.Release|Any CPU.ActiveCfg = Release|Any CPU
		{0C065955-2469-4C4A-898D-278492A3BF1B}.Release|Any CPU.Build.0 = Release|Any CPU
	EndGlobalSection
	GlobalSection(SolutionProperties) = preSolution
		HideSolutionNode = FALSE
	EndGlobalSection
	GlobalSection(ExtensibilityGlobals) = postSolution
		SolutionGuid = {A042C678-2563-467F-A2E1-54188854D95A}
	EndGlobalSection
EndGlobal
